
Microsoft Visual Studio Solution File, Format Version 12.00
# Visual Studio Version 17
VisualStudioVersion = 17.11.35312.102
MinimumVisualStudioVersion = 10.0.40219.1
Project("{9A19103F-16F7-4668-BE54-9A1E7A4F7556}") = "IdentityServer", "IdentityServer\IdentityServer.csproj", "{57072AE8-4A5C-4A59-B0CA-AD0C6F00A6A8}"
EndProject
Project("{9A19103F-16F7-4668-BE54-9A1E7A4F7556}") = "ApiGateway", "ApiGateway\ApiGateway.csproj", "{234A157E-0930-4E57-BAC5-6AAAF57B6FBE}"
EndProject
Project("{9A19103F-16F7-4668-BE54-9A1E7A4F7556}") = "ApiTask", "Task\ApiTask.csproj", "{41916068-1558-41CB-83E9-0D0BA011D8C8}"
EndProject
Project("{2150E333-8FDC-42A3-9474-1A3956D46DE8}") = "Services", "Services", "{0B5D8EC9-1480-46D9-A81D-95841DB185DB}"
EndProject
Project("{2150E333-8FDC-42A3-9474-1A3956D46DE8}") = "Solution Items", "Solution Items", "{E899376D-3996-47ED-83E8-BB18BB1763E3}"
	ProjectSection(SolutionItems) = preProject
		.editorconfig = .editorconfig
	EndProjectSection
EndProject
Project("{FAE04EC0-301F-11D3-BF4B-00C04F79EFBC}") = "ApiTask.Test", "ApiTask.Test\ApiTask.Test.csproj", "{DF02F1FE-EB32-480D-BA55-237BEA971D46}"
EndProject
Project("{2150E333-8FDC-42A3-9474-1A3956D46DE8}") = "Tests", "Tests", "{D4587ED2-3DAC-43DD-91A2-6D12356B3E1B}"
EndProject
Global
	GlobalSection(SolutionConfigurationPlatforms) = preSolution
		Debug|Any CPU = Debug|Any CPU
		Release|Any CPU = Release|Any CPU
	EndGlobalSection
	GlobalSection(ProjectConfigurationPlatforms) = postSolution
		{57072AE8-4A5C-4A59-B0CA-AD0C6F00A6A8}.Debug|Any CPU.ActiveCfg = Debug|Any CPU
		{57072AE8-4A5C-4A59-B0CA-AD0C6F00A6A8}.Debug|Any CPU.Build.0 = Debug|Any CPU
		{57072AE8-4A5C-4A59-B0CA-AD0C6F00A6A8}.Release|Any CPU.ActiveCfg = Release|Any CPU
		{57072AE8-4A5C-4A59-B0CA-AD0C6F00A6A8}.Release|Any CPU.Build.0 = Release|Any CPU
		{234A157E-0930-4E57-BAC5-6AAAF57B6FBE}.Debug|Any CPU.ActiveCfg = Debug|Any CPU
		{234A157E-0930-4E57-BAC5-6AAAF57B6FBE}.Debug|Any CPU.Build.0 = Debug|Any CPU
		{234A157E-0930-4E57-BAC5-6AAAF57B6FBE}.Release|Any CPU.ActiveCfg = Release|Any CPU
		{234A157E-0930-4E57-BAC5-6AAAF57B6FBE}.Release|Any CPU.Build.0 = Release|Any CPU
		{41916068-1558-41CB-83E9-0D0BA011D8C8}.Debug|Any CPU.ActiveCfg = Debug|Any CPU
		{41916068-1558-41CB-83E9-0D0BA011D8C8}.Debug|Any CPU.Build.0 = Debug|Any CPU
		{41916068-1558-41CB-83E9-0D0BA011D8C8}.Release|Any CPU.ActiveCfg = Release|Any CPU
		{41916068-1558-41CB-83E9-0D0BA011D8C8}.Release|Any CPU.Build.0 = Release|Any CPU
		{DF02F1FE-EB32-480D-BA55-237BEA971D46}.Debug|Any CPU.ActiveCfg = Debug|Any CPU
		{DF02F1FE-EB32-480D-BA55-237BEA971D46}.Debug|Any CPU.Build.0 = Debug|Any CPU
		{DF02F1FE-EB32-480D-BA55-237BEA971D46}.Release|Any CPU.ActiveCfg = Release|Any CPU
		{DF02F1FE-EB32-480D-BA55-237BEA971D46}.Release|Any CPU.Build.0 = Release|Any CPU
	EndGlobalSection
	GlobalSection(SolutionProperties) = preSolution
		HideSolutionNode = FALSE
	EndGlobalSection
	GlobalSection(NestedProjects) = preSolution
		{41916068-1558-41CB-83E9-0D0BA011D8C8} = {0B5D8EC9-1480-46D9-A81D-95841DB185DB}
		{DF02F1FE-EB32-480D-BA55-237BEA971D46} = {D4587ED2-3DAC-43DD-91A2-6D12356B3E1B}
	EndGlobalSection
	GlobalSection(ExtensibilityGlobals) = postSolution
		SolutionGuid = {8AD06716-8407-4003-A22C-E572668C013E}
	EndGlobalSection
EndGlobal
